
Microsoft Visual Studio Solution File, Format Version 12.00
# Visual Studio Version 16
VisualStudioVersion = 16.0.30320.27
MinimumVisualStudioVersion = 10.0.40219.1
Project("{FAE04EC0-301F-11D3-BF4B-00C04F79EFBC}") = "BA.AvalonLogHomes", "BA.AvalonLogHomes\BA.AvalonLogHomes.csproj", "{B373F194-9E30-4C00-82BB-BAEFEE31C61E}"
EndProject
Global
	GlobalSection(SolutionConfigurationPlatforms) = preSolution
		Debug|Any CPU = Debug|Any CPU
		Release|Any CPU = Release|Any CPU
	EndGlobalSection
	GlobalSection(ProjectConfigurationPlatforms) = postSolution
		{B373F194-9E30-4C00-82BB-BAEFEE31C61E}.Debug|Any CPU.ActiveCfg = Debug|Any CPU
		{B373F194-9E30-4C00-82BB-BAEFEE31C61E}.Debug|Any CPU.Build.0 = Debug|Any CPU
		{B373F194-9E30-4C00-82BB-BAEFEE31C61E}.Release|Any CPU.ActiveCfg = Release|Any CPU
		{B373F194-9E30-4C00-82BB-BAEFEE31C61E}.Release|Any CPU.Build.0 = Release|Any CPU
	EndGlobalSection
	GlobalSection(SolutionProperties) = preSolution
		HideSolutionNode = FALSE
	EndGlobalSection
	GlobalSection(ExtensibilityGlobals) = postSolution
		SolutionGuid = {95D5A8E3-93D7-4769-923B-BB821F7AC399}
	EndGlobalSection
EndGlobal
